
Microsoft Visual Studio Solution File, Format Version 12.00
# Visual Studio 15
VisualStudioVersion = 15.0.26403.3
MinimumVisualStudioVersion = 10.0.40219.1
Project("{FAE04EC0-301F-11D3-BF4B-00C04F79EFBC}") = "SitecoreSidekick", "Source\SitecoreSidekick\SitecoreSidekick.csproj", "{0DA36C4A-1B13-4891-A263-5F994127051C}"
EndProject
Project("{FAE04EC0-301F-11D3-BF4B-00C04F79EFBC}") = "ScsContentMigrator", "ContentMigrator\ScsContentMigrator.csproj", "{F016480C-DC54-4134-9903-3D30635EF687}"
EndProject
Project("{FAE04EC0-301F-11D3-BF4B-00C04F79EFBC}") = "ScsEditingContext", "ScsEditingContext\ScsEditingContext.csproj", "{72731B68-5934-4316-A969-BE92CCE6CFC4}"
EndProject
Project("{FAE04EC0-301F-11D3-BF4B-00C04F79EFBC}") = "ScsAuditLog", "ScsAuditLog\ScsAuditLog.csproj", "{96A08E68-0029-4DAE-AA1B-290706A22F6A}"
EndProject
Project("{D954291E-2A0B-460D-934E-DC6B0785DB48}") = "SitecoreSidekick.Shared", "Source\SitecoreSidekick.Shared\SitecoreSidekick.Shared.shproj", "{DC668275-6331-4090-B89A-91B367231F79}"
EndProject
Project("{FAE04EC0-301F-11D3-BF4B-00C04F79EFBC}") = "SitecoreSidekick.Shared.UnitTests", "Source\SitecoreSidekick.Shared.UnitTests\SitecoreSidekick.Shared.UnitTests.csproj", "{3BF608D1-CF04-4A9C-A098-B5455492F6FD}"
EndProject
Project("{FAE04EC0-301F-11D3-BF4B-00C04F79EFBC}") = "ScsContactSearch", "ScsContactSearch\ScsContactSearch.csproj", "{681701E3-77DD-4053-A0AF-B51AFFB295E8}"
EndProject
Global
	GlobalSection(SharedMSBuildProjectFiles) = preSolution
		Source\SitecoreSidekick.Shared\SitecoreSidekick.Shared.projitems*{0da36c4a-1b13-4891-a263-5f994127051c}*SharedItemsImports = 4
		Source\SitecoreSidekick.Shared\SitecoreSidekick.Shared.projitems*{3bf608d1-cf04-4a9c-a098-b5455492f6fd}*SharedItemsImports = 4
		Source\SitecoreSidekick.Shared\SitecoreSidekick.Shared.projitems*{dc668275-6331-4090-b89a-91b367231f79}*SharedItemsImports = 13
	EndGlobalSection
	GlobalSection(SolutionConfigurationPlatforms) = preSolution
		Debug|Any CPU = Debug|Any CPU
		Release|Any CPU = Release|Any CPU
	EndGlobalSection
	GlobalSection(ProjectConfigurationPlatforms) = postSolution
		{0DA36C4A-1B13-4891-A263-5F994127051C}.Debug|Any CPU.ActiveCfg = Debug|Any CPU
		{0DA36C4A-1B13-4891-A263-5F994127051C}.Debug|Any CPU.Build.0 = Debug|Any CPU
		{0DA36C4A-1B13-4891-A263-5F994127051C}.Release|Any CPU.ActiveCfg = Release|Any CPU
		{0DA36C4A-1B13-4891-A263-5F994127051C}.Release|Any CPU.Build.0 = Release|Any CPU
		{F016480C-DC54-4134-9903-3D30635EF687}.Debug|Any CPU.ActiveCfg = Debug|Any CPU
		{F016480C-DC54-4134-9903-3D30635EF687}.Debug|Any CPU.Build.0 = Debug|Any CPU
		{F016480C-DC54-4134-9903-3D30635EF687}.Release|Any CPU.ActiveCfg = Release|Any CPU
		{F016480C-DC54-4134-9903-3D30635EF687}.Release|Any CPU.Build.0 = Release|Any CPU
		{72731B68-5934-4316-A969-BE92CCE6CFC4}.Debug|Any CPU.ActiveCfg = Debug|Any CPU
		{72731B68-5934-4316-A969-BE92CCE6CFC4}.Debug|Any CPU.Build.0 = Debug|Any CPU
		{72731B68-5934-4316-A969-BE92CCE6CFC4}.Release|Any CPU.ActiveCfg = Release|Any CPU
		{72731B68-5934-4316-A969-BE92CCE6CFC4}.Release|Any CPU.Build.0 = Release|Any CPU
		{96A08E68-0029-4DAE-AA1B-290706A22F6A}.Debug|Any CPU.ActiveCfg = Debug|Any CPU
		{96A08E68-0029-4DAE-AA1B-290706A22F6A}.Debug|Any CPU.Build.0 = Debug|Any CPU
		{96A08E68-0029-4DAE-AA1B-290706A22F6A}.Release|Any CPU.ActiveCfg = Release|Any CPU
		{96A08E68-0029-4DAE-AA1B-290706A22F6A}.Release|Any CPU.Build.0 = Release|Any CPU
		{3BF608D1-CF04-4A9C-A098-B5455492F6FD}.Debug|Any CPU.ActiveCfg = Debug|Any CPU
		{3BF608D1-CF04-4A9C-A098-B5455492F6FD}.Debug|Any CPU.Build.0 = Debug|Any CPU
		{3BF608D1-CF04-4A9C-A098-B5455492F6FD}.Release|Any CPU.ActiveCfg = Release|Any CPU
		{3BF608D1-CF04-4A9C-A098-B5455492F6FD}.Release|Any CPU.Build.0 = Release|Any CPU
		{681701E3-77DD-4053-A0AF-B51AFFB295E8}.Debug|Any CPU.ActiveCfg = Debug|Any CPU
		{681701E3-77DD-4053-A0AF-B51AFFB295E8}.Debug|Any CPU.Build.0 = Debug|Any CPU
		{681701E3-77DD-4053-A0AF-B51AFFB295E8}.Release|Any CPU.ActiveCfg = Release|Any CPU
		{681701E3-77DD-4053-A0AF-B51AFFB295E8}.Release|Any CPU.Build.0 = Release|Any CPU
	EndGlobalSection
	GlobalSection(SolutionProperties) = preSolution
		HideSolutionNode = FALSE
	EndGlobalSection
EndGlobal
